# This file is automatically @generated by Cargo.
# It is not intended for manual editing.
version = 3

[[package]]
name = "debug_print"
version = "1.0.0"
source = "registry+https://github.com/rust-lang/crates.io-index"
checksum = "8f215f9b7224f49fb73256115331f677d868b34d18b65dbe4db392e6021eea90"

[[package]]
name = "enum-tags"
version = "0.1.0"
source = "registry+https://github.com/rust-lang/crates.io-index"
checksum = "88ef15a1e858bac2fe97690a2615e9a979be1284e9b8beb8078bd6117f3b5549"
dependencies = [
 "enum-tags-macros",
 "enum-tags-traits",
]

[[package]]
name = "enum-tags-macros"
version = "0.1.0"
source = "registry+https://github.com/rust-lang/crates.io-index"
checksum = "a40f06be7b553c15a464b88ad7da00614b2440bddb990c6e1f13108b535bc2a7"
dependencies = [
 "quote",
 "syn",
]

[[package]]
name = "enum-tags-traits"
version = "0.1.0"
source = "registry+https://github.com/rust-lang/crates.io-index"
checksum = "cdc5689518c99f8b19adeb125ccacfeb6aa2d5d67ee56000762cb055880220fd"

[[package]]
name = "proc-macro2"
version = "1.0.47"
source = "registry+https://github.com/rust-lang/crates.io-index"
checksum = "5ea3d908b0e36316caf9e9e2c4625cdde190a7e6f440d794667ed17a1855e725"
dependencies = [
 "unicode-ident",
]

[[package]]
name = "quote"
version = "1.0.21"
source = "registry+https://github.com/rust-lang/crates.io-index"
checksum = "bbe448f377a7d6961e30f5955f9b8d106c3f5e449d493ee1b125c1d43c2b5179"
dependencies = [
 "proc-macro2",
]

[[package]]
name = "rox"
version = "0.1.0"
dependencies = [
 "debug_print",
 "enum-tags",
 "enum-tags-macros",
 "enum-tags-traits",
]

[[package]]
name = "syn"
version = "1.0.105"
source = "registry+https://github.com/rust-lang/crates.io-index"
checksum = "60b9b43d45702de4c839cb9b51d9f529c5dd26a4aff255b42b1ebc03e88ee908"
dependencies = [
 "proc-macro2",
 "quote",
 "unicode-ident",
]

[[package]]
name = "unicode-ident"
version = "1.0.5"
source = "registry+https://github.com/rust-lang/crates.io-index"
checksum = "6ceab39d59e4c9499d4e5a8ee0e2735b891bb7308ac83dfb4e80cad195c9f6f3"
